
Microsoft Visual Studio Solution File, Format Version 12.00
# Visual Studio Version 17
VisualStudioVersion = 17.9.34607.119
MinimumVisualStudioVersion = 10.0.40219.1
Project("{FAE04EC0-301F-11D3-BF4B-00C04F79EFBC}") = "UserRegistration2", "UserRegistration2\UserRegistration2.csproj", "{BD5B6F36-D29C-4146-A2C6-B913B40A9791}"
EndProject
Global
	GlobalSection(SolutionConfigurationPlatforms) = preSolution
		Debug|Any CPU = Debug|Any CPU
		Release|Any CPU = Release|Any CPU
	EndGlobalSection
	GlobalSection(ProjectConfigurationPlatforms) = postSolution
		{BD5B6F36-D29C-4146-A2C6-B913B40A9791}.Debug|Any CPU.ActiveCfg = Debug|Any CPU
		{BD5B6F36-D29C-4146-A2C6-B913B40A9791}.Debug|Any CPU.Build.0 = Debug|Any CPU
		{BD5B6F36-D29C-4146-A2C6-B913B40A9791}.Release|Any CPU.ActiveCfg = Release|Any CPU
		{BD5B6F36-D29C-4146-A2C6-B913B40A9791}.Release|Any CPU.Build.0 = Release|Any CPU
	EndGlobalSection
	GlobalSection(SolutionProperties) = preSolution
		HideSolutionNode = FALSE
	EndGlobalSection
	GlobalSection(ExtensibilityGlobals) = postSolution
		SolutionGuid = {3EB9D49A-00D7-44A1-A430-2B45800910AC}
	EndGlobalSection
EndGlobal
